// !$*UTF8*$!
{
	archiveVersion = 1;
	classes = {
	};
	objectVersion = 46;
	objects = {

/* Begin PBXAggregateTarget section */
		BA0CD52F1EBF161A00020485 /* Mogenerator */ = {
			isa = PBXAggregateTarget;
			buildConfigurationList = BA0CD5301EBF161A00020485 /* Build configuration list for PBXAggregateTarget "Mogenerator" */;
			buildPhases = (
				BA0CD5331EBF161F00020485 /* ShellScript */,
			);
			dependencies = (
			);
			name = Mogenerator;
			productName = Mogenerator;
		};
/* End PBXAggregateTarget section */

/* Begin PBXBuildFile section */
		A9ABE02D105D9BCF95A7A224 /* Pods_EMS.framework in Frameworks */ = {isa = PBXBuildFile; fileRef = D537B3DF24497796843A0544 /* Pods_EMS.framework */; };
		BA0CD5281EBEF9AD00020485 /* EmployeeListDataProvider.swift in Sources */ = {isa = PBXBuildFile; fileRef = BA0CD5271EBEF9AD00020485 /* EmployeeListDataProvider.swift */; };
		BA0CD52A1EBEFA7B00020485 /* EmployeeListDataProviderProtocol.swift in Sources */ = {isa = PBXBuildFile; fileRef = BA0CD5291EBEFA7B00020485 /* EmployeeListDataProviderProtocol.swift */; };
		BA0CD53A1EBF165700020485 /* CoreDataStack.swift in Sources */ = {isa = PBXBuildFile; fileRef = BA0CD5371EBF165700020485 /* CoreDataStack.swift */; };
		BA0CD53B1EBF165700020485 /* EMS.xcdatamodeld in Sources */ = {isa = PBXBuildFile; fileRef = BA0CD5381EBF165700020485 /* EMS.xcdatamodeld */; };
		BA0CD5431EBF17B100020485 /* Address.swift in Sources */ = {isa = PBXBuildFile; fileRef = BA0CD53E1EBF17B100020485 /* Address.swift */; };
		BA0CD5441EBF17B100020485 /* Employee.swift in Sources */ = {isa = PBXBuildFile; fileRef = BA0CD53F1EBF17B100020485 /* Employee.swift */; };
		BA0CD5451EBF17B100020485 /* _Address.swift in Sources */ = {isa = PBXBuildFile; fileRef = BA0CD5411EBF17B100020485 /* _Address.swift */; };
		BA0CD5461EBF17B100020485 /* _Employee.swift in Sources */ = {isa = PBXBuildFile; fileRef = BA0CD5421EBF17B100020485 /* _Employee.swift */; };
		BA0CD54E1EBF21AA00020485 /* ImageStore.swift in Sources */ = {isa = PBXBuildFile; fileRef = BA0CD54D1EBF21AA00020485 /* ImageStore.swift */; };
		BA1FB0DA1EBBF611000B0671 /* AppDelegate.swift in Sources */ = {isa = PBXBuildFile; fileRef = BA1FB0D91EBBF611000B0671 /* AppDelegate.swift */; };
		BA1FB0DF1EBBF611000B0671 /* EmployeeListViewController.swift in Sources */ = {isa = PBXBuildFile; fileRef = BA1FB0DE1EBBF611000B0671 /* EmployeeListViewController.swift */; };
		BA1FB0E11EBBF611000B0671 /* EmployeeDetailViewController.swift in Sources */ = {isa = PBXBuildFile; fileRef = BA1FB0E01EBBF611000B0671 /* EmployeeDetailViewController.swift */; };
		BA1FB0E41EBBF611000B0671 /* Main.storyboard in Resources */ = {isa = PBXBuildFile; fileRef = BA1FB0E21EBBF611000B0671 /* Main.storyboard */; };
		BA1FB0E61EBBF611000B0671 /* Assets.xcassets in Resources */ = {isa = PBXBuildFile; fileRef = BA1FB0E51EBBF611000B0671 /* Assets.xcassets */; };
		BA1FB0E91EBBF611000B0671 /* LaunchScreen.storyboard in Resources */ = {isa = PBXBuildFile; fileRef = BA1FB0E71EBBF611000B0671 /* LaunchScreen.storyboard */; };
		BA1FB0F41EBBF611000B0671 /* EMSTests.swift in Sources */ = {isa = PBXBuildFile; fileRef = BA1FB0F31EBBF611000B0671 /* EMSTests.swift */; };
		BA7D67561EBF259E004F873E /* EmployeeListTableViewCell.swift in Sources */ = {isa = PBXBuildFile; fileRef = BA7D67551EBF259E004F873E /* EmployeeListTableViewCell.swift */; };
		BA7D67581EBF2D96004F873E /* EmployeeAddViewController.swift in Sources */ = {isa = PBXBuildFile; fileRef = BA7D67571EBF2D96004F873E /* EmployeeAddViewController.swift */; };
		BA7D67601EBF395A004F873E /* ImagePickerController.swift in Sources */ = {isa = PBXBuildFile; fileRef = BA7D675E1EBF395A004F873E /* ImagePickerController.swift */; };
		BA7D67611EBF395A004F873E /* ImageRow.swift in Sources */ = {isa = PBXBuildFile; fileRef = BA7D675F1EBF395A004F873E /* ImageRow.swift */; };
		BA7D67671EBF58A6004F873E /* XCTestCase+CoreDataHelper.swift in Sources */ = {isa = PBXBuildFile; fileRef = BA7D67661EBF58A6004F873E /* XCTestCase+CoreDataHelper.swift */; };
/* End PBXBuildFile section */

/* Begin PBXContainerItemProxy section */
		BA1FB0F01EBBF611000B0671 /* PBXContainerItemProxy */ = {
			isa = PBXContainerItemProxy;
			containerPortal = BA1FB0CE1EBBF611000B0671 /* Project object */;
			proxyType = 1;
			remoteGlobalIDString = BA1FB0D51EBBF611000B0671;
			remoteInfo = EMS;
		};
/* End PBXContainerItemProxy section */

/* Begin PBXFileReference section */
		53F34495D4EE6E3BC5B4EB92 /* Pods-EMS.debug.xcconfig */ = {isa = PBXFileReference; includeInIndex = 1; lastKnownFileType = text.xcconfig; name = "Pods-EMS.debug.xcconfig"; path = "Pods/Target Support Files/Pods-EMS/Pods-EMS.debug.xcconfig"; sourceTree = "<group>"; };
		6C93CB60D4838BDBC3300071 /* Pods-EMS.release.xcconfig */ = {isa = PBXFileReference; includeInIndex = 1; lastKnownFileType = text.xcconfig; name = "Pods-EMS.release.xcconfig"; path = "Pods/Target Support Files/Pods-EMS/Pods-EMS.release.xcconfig"; sourceTree = "<group>"; };
		BA0CD5271EBEF9AD00020485 /* EmployeeListDataProvider.swift */ = {isa = PBXFileReference; fileEncoding = 4; lastKnownFileType = sourcecode.swift; path = EmployeeListDataProvider.swift; sourceTree = "<group>"; };
		BA0CD5291EBEFA7B00020485 /* EmployeeListDataProviderProtocol.swift */ = {isa = PBXFileReference; fileEncoding = 4; lastKnownFileType = sourcecode.swift; path = EmployeeListDataProviderProtocol.swift; sourceTree = "<group>"; };
		BA0CD5371EBF165700020485 /* CoreDataStack.swift */ = {isa = PBXFileReference; fileEncoding = 4; lastKnownFileType = sourcecode.swift; path = CoreDataStack.swift; sourceTree = "<group>"; };
		BA0CD5391EBF165700020485 /* EMS.xcdatamodel */ = {isa = PBXFileReference; lastKnownFileType = wrapper.xcdatamodel; path = EMS.xcdatamodel; sourceTree = "<group>"; };
		BA0CD53E1EBF17B100020485 /* Address.swift */ = {isa = PBXFileReference; fileEncoding = 4; lastKnownFileType = sourcecode.swift; path = Address.swift; sourceTree = "<group>"; };
		BA0CD53F1EBF17B100020485 /* Employee.swift */ = {isa = PBXFileReference; fileEncoding = 4; lastKnownFileType = sourcecode.swift; path = Employee.swift; sourceTree = "<group>"; };
		BA0CD5411EBF17B100020485 /* _Address.swift */ = {isa = PBXFileReference; fileEncoding = 4; lastKnownFileType = sourcecode.swift; path = _Address.swift; sourceTree = "<group>"; };
		BA0CD5421EBF17B100020485 /* _Employee.swift */ = {isa = PBXFileReference; fileEncoding = 4; lastKnownFileType = sourcecode.swift; path = _Employee.swift; sourceTree = "<group>"; };
		BA0CD54B1EBF1D4A00020485 /* .travis.yml */ = {isa = PBXFileReference; lastKnownFileType = text; path = .travis.yml; sourceTree = "<group>"; };
		BA0CD54C1EBF1D4A00020485 /* README.md */ = {isa = PBXFileReference; lastKnownFileType = net.daringfireball.markdown; path = README.md; sourceTree = "<group>"; };
		BA0CD54D1EBF21AA00020485 /* ImageStore.swift */ = {isa = PBXFileReference; fileEncoding = 4; lastKnownFileType = sourcecode.swift; path = ImageStore.swift; sourceTree = "<group>"; };
		BA1FB0D61EBBF611000B0671 /* EMS.app */ = {isa = PBXFileReference; explicitFileType = wrapper.application; includeInIndex = 0; path = EMS.app; sourceTree = BUILT_PRODUCTS_DIR; };
		BA1FB0D91EBBF611000B0671 /* AppDelegate.swift */ = {isa = PBXFileReference; lastKnownFileType = sourcecode.swift; path = AppDelegate.swift; sourceTree = "<group>"; };
		BA1FB0DE1EBBF611000B0671 /* EmployeeListViewController.swift */ = {isa = PBXFileReference; lastKnownFileType = sourcecode.swift; path = EmployeeListViewController.swift; sourceTree = "<group>"; };
		BA1FB0E01EBBF611000B0671 /* EmployeeDetailViewController.swift */ = {isa = PBXFileReference; lastKnownFileType = sourcecode.swift; path = EmployeeDetailViewController.swift; sourceTree = "<group>"; };
		BA1FB0E31EBBF611000B0671 /* Base */ = {isa = PBXFileReference; lastKnownFileType = file.storyboard; name = Base; path = Base.lproj/Main.storyboard; sourceTree = "<group>"; };
		BA1FB0E51EBBF611000B0671 /* Assets.xcassets */ = {isa = PBXFileReference; lastKnownFileType = folder.assetcatalog; path = Assets.xcassets; sourceTree = "<group>"; };
		BA1FB0E81EBBF611000B0671 /* Base */ = {isa = PBXFileReference; lastKnownFileType = file.storyboard; name = Base; path = Base.lproj/LaunchScreen.storyboard; sourceTree = "<group>"; };
		BA1FB0EA1EBBF611000B0671 /* Info.plist */ = {isa = PBXFileReference; lastKnownFileType = text.plist.xml; path = Info.plist; sourceTree = "<group>"; };
		BA1FB0EF1EBBF611000B0671 /* EMSTests.xctest */ = {isa = PBXFileReference; explicitFileType = wrapper.cfbundle; includeInIndex = 0; path = EMSTests.xctest; sourceTree = BUILT_PRODUCTS_DIR; };
		BA1FB0F31EBBF611000B0671 /* EMSTests.swift */ = {isa = PBXFileReference; lastKnownFileType = sourcecode.swift; path = EMSTests.swift; sourceTree = "<group>"; };
		BA1FB0F51EBBF611000B0671 /* Info.plist */ = {isa = PBXFileReference; lastKnownFileType = text.plist.xml; path = Info.plist; sourceTree = "<group>"; };
		BA7D67551EBF259E004F873E /* EmployeeListTableViewCell.swift */ = {isa = PBXFileReference; fileEncoding = 4; lastKnownFileType = sourcecode.swift; path = EmployeeListTableViewCell.swift; sourceTree = "<group>"; };
		BA7D67571EBF2D96004F873E /* EmployeeAddViewController.swift */ = {isa = PBXFileReference; fileEncoding = 4; lastKnownFileType = sourcecode.swift; path = EmployeeAddViewController.swift; sourceTree = "<group>"; };
		BA7D675E1EBF395A004F873E /* ImagePickerController.swift */ = {isa = PBXFileReference; fileEncoding = 4; lastKnownFileType = sourcecode.swift; path = ImagePickerController.swift; sourceTree = "<group>"; };
		BA7D675F1EBF395A004F873E /* ImageRow.swift */ = {isa = PBXFileReference; fileEncoding = 4; lastKnownFileType = sourcecode.swift; path = ImageRow.swift; sourceTree = "<group>"; };
		BA7D67661EBF58A6004F873E /* XCTestCase+CoreDataHelper.swift */ = {isa = PBXFileReference; fileEncoding = 4; lastKnownFileType = sourcecode.swift; path = "XCTestCase+CoreDataHelper.swift"; sourceTree = "<group>"; };
		D537B3DF24497796843A0544 /* Pods_EMS.framework */ = {isa = PBXFileReference; explicitFileType = wrapper.framework; includeInIndex = 0; path = Pods_EMS.framework; sourceTree = BUILT_PRODUCTS_DIR; };
/* End PBXFileReference section */

/* Begin PBXFrameworksBuildPhase section */
		BA1FB0D31EBBF611000B0671 /* Frameworks */ = {
			isa = PBXFrameworksBuildPhase;
			buildActionMask = 2147483647;
			files = (
				A9ABE02D105D9BCF95A7A224 /* Pods_EMS.framework in Frameworks */,
			);
			runOnlyForDeploymentPostprocessing = 0;
		};
		BA1FB0EC1EBBF611000B0671 /* Frameworks */ = {
			isa = PBXFrameworksBuildPhase;
			buildActionMask = 2147483647;
			files = (
			);
			runOnlyForDeploymentPostprocessing = 0;
		};
/* End PBXFrameworksBuildPhase section */

/* Begin PBXGroup section */
		077565D2B4DBD3520F66277A /* Pods */ = {
			isa = PBXGroup;
			children = (
				53F34495D4EE6E3BC5B4EB92 /* Pods-EMS.debug.xcconfig */,
				6C93CB60D4838BDBC3300071 /* Pods-EMS.release.xcconfig */,
			);
			name = Pods;
			sourceTree = "<group>";
		};
		B6DBE94405BDA71063BE80A1 /* Frameworks */ = {
			isa = PBXGroup;
			children = (
				D537B3DF24497796843A0544 /* Pods_EMS.framework */,
			);
			name = Frameworks;
			sourceTree = "<group>";
		};
		BA0CD5361EBF165700020485 /* Database */ = {
			isa = PBXGroup;
			children = (
				BA0CD5381EBF165700020485 /* EMS.xcdatamodeld */,
				BA0CD5371EBF165700020485 /* CoreDataStack.swift */,
				BA0CD53C1EBF17B100020485 /* Model */,
			);
			path = Database;
			sourceTree = "<group>";
		};
		BA0CD53C1EBF17B100020485 /* Model */ = {
			isa = PBXGroup;
			children = (
				BA0CD53D1EBF17B100020485 /* Human */,
				BA0CD5401EBF17B100020485 /* Machine */,
			);
			path = Model;
			sourceTree = "<group>";
		};
		BA0CD53D1EBF17B100020485 /* Human */ = {
			isa = PBXGroup;
			children = (
				BA0CD53E1EBF17B100020485 /* Address.swift */,
				BA0CD53F1EBF17B100020485 /* Employee.swift */,
			);
			path = Human;
			sourceTree = "<group>";
		};
		BA0CD5401EBF17B100020485 /* Machine */ = {
			isa = PBXGroup;
			children = (
				BA0CD5411EBF17B100020485 /* _Address.swift */,
				BA0CD5421EBF17B100020485 /* _Employee.swift */,
			);
			path = Machine;
			sourceTree = "<group>";
		};
		BA1FB0CD1EBBF611000B0671 = {
			isa = PBXGroup;
			children = (
				BA1FB0D81EBBF611000B0671 /* EMS */,
				BA0CD54B1EBF1D4A00020485 /* .travis.yml */,
				BA0CD54C1EBF1D4A00020485 /* README.md */,
				BA1FB0F21EBBF611000B0671 /* EMSTests */,
				BA1FB0D71EBBF611000B0671 /* Products */,
				077565D2B4DBD3520F66277A /* Pods */,
				B6DBE94405BDA71063BE80A1 /* Frameworks */,
			);
			sourceTree = "<group>";
		};
		BA1FB0D71EBBF611000B0671 /* Products */ = {
			isa = PBXGroup;
			children = (
				BA1FB0D61EBBF611000B0671 /* EMS.app */,
				BA1FB0EF1EBBF611000B0671 /* EMSTests.xctest */,
			);
			name = Products;
			sourceTree = "<group>";
		};
		BA1FB0D81EBBF611000B0671 /* EMS */ = {
			isa = PBXGroup;
			children = (
				BA1FB0D91EBBF611000B0671 /* AppDelegate.swift */,
				BA1FB0DE1EBBF611000B0671 /* EmployeeListViewController.swift */,
				BA0CD5271EBEF9AD00020485 /* EmployeeListDataProvider.swift */,
				BA0CD5291EBEFA7B00020485 /* EmployeeListDataProviderProtocol.swift */,
				BA7D67551EBF259E004F873E /* EmployeeListTableViewCell.swift */,
				BA0CD54D1EBF21AA00020485 /* ImageStore.swift */,
				BA1FB0E01EBBF611000B0671 /* EmployeeDetailViewController.swift */,
				BA7D67571EBF2D96004F873E /* EmployeeAddViewController.swift */,
				BA7D675C1EBF395A004F873E /* CustomRows */,
				BA1FB0E21EBBF611000B0671 /* Main.storyboard */,
				BA1FB0E51EBBF611000B0671 /* Assets.xcassets */,
				BA1FB0E71EBBF611000B0671 /* LaunchScreen.storyboard */,
				BA1FB0EA1EBBF611000B0671 /* Info.plist */,
				BA0CD5361EBF165700020485 /* Database */,
			);
			path = EMS;
			sourceTree = "<group>";
		};
		BA1FB0F21EBBF611000B0671 /* EMSTests */ = {
			isa = PBXGroup;
			children = (
				BA7D67661EBF58A6004F873E /* XCTestCase+CoreDataHelper.swift */,
				BA1FB0F31EBBF611000B0671 /* EMSTests.swift */,
				BA1FB0F51EBBF611000B0671 /* Info.plist */,
			);
			path = EMSTests;
			sourceTree = "<group>";
		};
		BA7D675C1EBF395A004F873E /* CustomRows */ = {
			isa = PBXGroup;
			children = (
				BA7D675D1EBF395A004F873E /* ImageRow */,
			);
			path = CustomRows;
			sourceTree = "<group>";
		};
		BA7D675D1EBF395A004F873E /* ImageRow */ = {
			isa = PBXGroup;
			children = (
				BA7D675E1EBF395A004F873E /* ImagePickerController.swift */,
				BA7D675F1EBF395A004F873E /* ImageRow.swift */,
			);
			path = ImageRow;
			sourceTree = "<group>";
		};
/* End PBXGroup section */

/* Begin PBXNativeTarget section */
		BA1FB0D51EBBF611000B0671 /* EMS */ = {
			isa = PBXNativeTarget;
			buildConfigurationList = BA1FB0F81EBBF611000B0671 /* Build configuration list for PBXNativeTarget "EMS" */;
			buildPhases = (
				38C99EFAA3D1A3B273F39FBA /* [CP] Check Pods Manifest.lock */,
				BA1FB0D21EBBF611000B0671 /* Sources */,
				BA1FB0D31EBBF611000B0671 /* Frameworks */,
				BA1FB0D41EBBF611000B0671 /* Resources */,
				5F7CB3CD0A33A342C107E703 /* [CP] Embed Pods Frameworks */,
				BCE29556E91320E90A791B0B /* [CP] Copy Pods Resources */,
			);
			buildRules = (
			);
			dependencies = (
			);
			name = EMS;
			productName = EMS;
			productReference = BA1FB0D61EBBF611000B0671 /* EMS.app */;
			productType = "com.apple.product-type.application";
		};
		BA1FB0EE1EBBF611000B0671 /* EMSTests */ = {
			isa = PBXNativeTarget;
			buildConfigurationList = BA1FB0FB1EBBF611000B0671 /* Build configuration list for PBXNativeTarget "EMSTests" */;
			buildPhases = (
				BA1FB0EB1EBBF611000B0671 /* Sources */,
				BA1FB0EC1EBBF611000B0671 /* Frameworks */,
				BA1FB0ED1EBBF611000B0671 /* Resources */,
			);
			buildRules = (
			);
			dependencies = (
				BA1FB0F11EBBF611000B0671 /* PBXTargetDependency */,
			);
			name = EMSTests;
			productName = EMSTests;
			productReference = BA1FB0EF1EBBF611000B0671 /* EMSTests.xctest */;
			productType = "com.apple.product-type.bundle.unit-test";
		};
/* End PBXNativeTarget section */

/* Begin PBXProject section */
		BA1FB0CE1EBBF611000B0671 /* Project object */ = {
			isa = PBXProject;
			attributes = {
				LastSwiftUpdateCheck = 0820;
				LastUpgradeCheck = 0820;
				ORGANIZATIONNAME = Hanuman;
				TargetAttributes = {
					BA0CD52F1EBF161A00020485 = {
						CreatedOnToolsVersion = 8.2.1;
						ProvisioningStyle = Automatic;
					};
					BA1FB0D51EBBF611000B0671 = {
						CreatedOnToolsVersion = 8.2.1;
						ProvisioningStyle = Automatic;
					};
					BA1FB0EE1EBBF611000B0671 = {
						CreatedOnToolsVersion = 8.2.1;
						ProvisioningStyle = Automatic;
						TestTargetID = BA1FB0D51EBBF611000B0671;
					};
				};
			};
			buildConfigurationList = BA1FB0D11EBBF611000B0671 /* Build configuration list for PBXProject "EMS" */;
			compatibilityVersion = "Xcode 3.2";
			developmentRegion = English;
			hasScannedForEncodings = 0;
			knownRegions = (
				en,
				Base,
			);
			mainGroup = BA1FB0CD1EBBF611000B0671;
			productRefGroup = BA1FB0D71EBBF611000B0671 /* Products */;
			projectDirPath = "";
			projectRoot = "";
			targets = (
				BA1FB0D51EBBF611000B0671 /* EMS */,
				BA1FB0EE1EBBF611000B0671 /* EMSTests */,
				BA0CD52F1EBF161A00020485 /* Mogenerator */,
			);
		};
/* End PBXProject section */

/* Begin PBXResourcesBuildPhase section */
		BA1FB0D41EBBF611000B0671 /* Resources */ = {
			isa = PBXResourcesBuildPhase;
			buildActionMask = 2147483647;
			files = (
				BA1FB0E91EBBF611000B0671 /* LaunchScreen.storyboard in Resources */,
				BA1FB0E61EBBF611000B0671 /* Assets.xcassets in Resources */,
				BA1FB0E41EBBF611000B0671 /* Main.storyboard in Resources */,
			);
			runOnlyForDeploymentPostprocessing = 0;
		};
		BA1FB0ED1EBBF611000B0671 /* Resources */ = {
			isa = PBXResourcesBuildPhase;
			buildActionMask = 2147483647;
			files = (
			);
			runOnlyForDeploymentPostprocessing = 0;
		};
/* End PBXResourcesBuildPhase section */

/* Begin PBXShellScriptBuildPhase section */
		38C99EFAA3D1A3B273F39FBA /* [CP] Check Pods Manifest.lock */ = {
			isa = PBXShellScriptBuildPhase;
			buildActionMask = 2147483647;
			files = (
			);
			inputPaths = (
			);
			name = "[CP] Check Pods Manifest.lock";
			outputPaths = (
			);
			runOnlyForDeploymentPostprocessing = 0;
			shellPath = /bin/sh;
			shellScript = "diff \"${PODS_ROOT}/../Podfile.lock\" \"${PODS_ROOT}/Manifest.lock\" > /dev/null\nif [ $? != 0 ] ; then\n    # print error to STDERR\n    echo \"error: The sandbox is not in sync with the Podfile.lock. Run 'pod install' or update your CocoaPods installation.\" >&2\n    exit 1\nfi\n";
			showEnvVarsInLog = 0;
		};
		5F7CB3CD0A33A342C107E703 /* [CP] Embed Pods Frameworks */ = {
			isa = PBXShellScriptBuildPhase;
			buildActionMask = 2147483647;
			files = (
			);
			inputPaths = (
			);
			name = "[CP] Embed Pods Frameworks";
			outputPaths = (
			);
			runOnlyForDeploymentPostprocessing = 0;
			shellPath = /bin/sh;
			shellScript = "\"${SRCROOT}/Pods/Target Support Files/Pods-EMS/Pods-EMS-frameworks.sh\"\n";
			showEnvVarsInLog = 0;
		};
		BA0CD5331EBF161F00020485 /* ShellScript */ = {
			isa = PBXShellScriptBuildPhase;
			buildActionMask = 2147483647;
			files = (
			);
			inputPaths = (
			);
			outputPaths = (
			);
			runOnlyForDeploymentPostprocessing = 0;
			shellPath = /bin/sh;
			shellScript = "#! /bin/sh\n\n#project folders paths\nPROJECT_SRC_FOLDER=${PROJECT_DIR}/${PROJECT_NAME}\n\n#model name\nMODEL_NAME=\"EMS\"\n\n#model paths\nMODEL_DIR=\"${PROJECT_SRC_FOLDER}/Database/$MODEL_NAME.xcdatamodeld\"\nCURRENT_VERSION=`/usr/libexec/PlistBuddy -c \"print _XCCurrentVersionName\" \"$MODEL_DIR/.xccurrentversion\" `\n#CURRENT_VERSION=\"$MODEL_NAME.xcdatamodel\"\n\n#core data generated files paths\nCORE_DATA_FILES_DIR=\"${PROJECT_SRC_FOLDER}/Database/Model\"\nCORE_DATA_MACHINE_FILES_DIR=\"${CORE_DATA_FILES_DIR}/Machine\"\nCORE_DATA_HUMAN_FILES_DIR=\"${CORE_DATA_FILES_DIR}/Human\"\n\necho \"Locating mogenerator executable path...\"\nif [ -x /usr/local/bin/mogenerator ]; then\necho \"mogenerator executable found in /usr/local/bin\";\nMOGENERATOR_DIR=\"/usr/local/bin\";\nelif [ -x /usr/bin/mogenerator ]; then\necho \"mogenerator executable found in /usr/bin\";\nMOGENERATOR_DIR=\"/usr/bin\";\nelse\necho \"mogenerator executable not found\"; exit 1;\nfi\n\necho \"Running mogenerator for model: ${CURRENT_VERSION}\"\n\n$MOGENERATOR_DIR/mogenerator --swift --template-var arc=true --template-var frc=true \\\n-m \"${MODEL_DIR}/${CURRENT_VERSION}\" \\\n-M \"${CORE_DATA_MACHINE_FILES_DIR}\" \\\n-H \"${CORE_DATA_HUMAN_FILES_DIR}\"\n\necho \"Output Machine files directory: ${CORE_DATA_MACHINE_FILES_DIR}\"\necho \"Output Human files directory: ${CORE_DATA_HUMAN_FILES_DIR}\"";
		};
		BCE29556E91320E90A791B0B /* [CP] Copy Pods Resources */ = {
			isa = PBXShellScriptBuildPhase;
			buildActionMask = 2147483647;
			files = (
			);
			inputPaths = (
			);
			name = "[CP] Copy Pods Resources";
			outputPaths = (
			);
			runOnlyForDeploymentPostprocessing = 0;
			shellPath = /bin/sh;
			shellScript = "\"${SRCROOT}/Pods/Target Support Files/Pods-EMS/Pods-EMS-resources.sh\"\n";
			showEnvVarsInLog = 0;
		};
/* End PBXShellScriptBuildPhase section */

/* Begin PBXSourcesBuildPhase section */
		BA1FB0D21EBBF611000B0671 /* Sources */ = {
			isa = PBXSourcesBuildPhase;
			buildActionMask = 2147483647;
			files = (
				BA0CD5431EBF17B100020485 /* Address.swift in Sources */,
				BA0CD53B1EBF165700020485 /* EMS.xcdatamodeld in Sources */,
				BA1FB0DA1EBBF611000B0671 /* AppDelegate.swift in Sources */,
				BA0CD5441EBF17B100020485 /* Employee.swift in Sources */,
				BA7D67581EBF2D96004F873E /* EmployeeAddViewController.swift in Sources */,
				BA1FB0DF1EBBF611000B0671 /* EmployeeListViewController.swift in Sources */,
				BA1FB0E11EBBF611000B0671 /* EmployeeDetailViewController.swift in Sources */,
				BA0CD52A1EBEFA7B00020485 /* EmployeeListDataProviderProtocol.swift in Sources */,
				BA7D67561EBF259E004F873E /* EmployeeListTableViewCell.swift in Sources */,
				BA0CD5281EBEF9AD00020485 /* EmployeeListDataProvider.swift in Sources */,
				BA7D67611EBF395A004F873E /* ImageRow.swift in Sources */,
				BA7D67601EBF395A004F873E /* ImagePickerController.swift in Sources */,
				BA0CD5461EBF17B100020485 /* _Employee.swift in Sources */,
				BA0CD53A1EBF165700020485 /* CoreDataStack.swift in Sources */,
				BA0CD5451EBF17B100020485 /* _Address.swift in Sources */,
				BA0CD54E1EBF21AA00020485 /* ImageStore.swift in Sources */,
			);
			runOnlyForDeploymentPostprocessing = 0;
		};
		BA1FB0EB1EBBF611000B0671 /* Sources */ = {
			isa = PBXSourcesBuildPhase;
			buildActionMask = 2147483647;
			files = (
				BA1FB0F41EBBF611000B0671 /* EMSTests.swift in Sources */,
				BA7D67671EBF58A6004F873E /* XCTestCase+CoreDataHelper.swift in Sources */,
			);
			runOnlyForDeploymentPostprocessing = 0;
		};
/* End PBXSourcesBuildPhase section */

/* Begin PBXTargetDependency section */
		BA1FB0F11EBBF611000B0671 /* PBXTargetDependency */ = {
			isa = PBXTargetDependency;
			target = BA1FB0D51EBBF611000B0671 /* EMS */;
			targetProxy = BA1FB0F01EBBF611000B0671 /* PBXContainerItemProxy */;
		};
/* End PBXTargetDependency section */

/* Begin PBXVariantGroup section */
		BA1FB0E21EBBF611000B0671 /* Main.storyboard */ = {
			isa = PBXVariantGroup;
			children = (
				BA1FB0E31EBBF611000B0671 /* Base */,
			);
			name = Main.storyboard;
			sourceTree = "<group>";
		};
		BA1FB0E71EBBF611000B0671 /* LaunchScreen.storyboard */ = {
			isa = PBXVariantGroup;
			children = (
				BA1FB0E81EBBF611000B0671 /* Base */,
			);
			name = LaunchScreen.storyboard;
			sourceTree = "<group>";
		};
/* End PBXVariantGroup section */

/* Begin XCBuildConfiguration section */
		BA0CD5311EBF161A00020485 /* Debug */ = {
			isa = XCBuildConfiguration;
			buildSettings = {
				PRODUCT_NAME = "$(TARGET_NAME)";
			};
			name = Debug;
		};
		BA0CD5321EBF161A00020485 /* Release */ = {
			isa = XCBuildConfiguration;
			buildSettings = {
				PRODUCT_NAME = "$(TARGET_NAME)";
			};
			name = Release;
		};
		BA1FB0F61EBBF611000B0671 /* Debug */ = {
			isa = XCBuildConfiguration;
			buildSettings = {
				ALWAYS_SEARCH_USER_PATHS = NO;
				CLANG_ANALYZER_NONNULL = YES;
				CLANG_CXX_LANGUAGE_STANDARD = "gnu++0x";
				CLANG_CXX_LIBRARY = "libc++";
				CLANG_ENABLE_MODULES = YES;
				CLANG_ENABLE_OBJC_ARC = YES;
				CLANG_WARN_BOOL_CONVERSION = YES;
				CLANG_WARN_CONSTANT_CONVERSION = YES;
				CLANG_WARN_DIRECT_OBJC_ISA_USAGE = YES_ERROR;
				CLANG_WARN_DOCUMENTATION_COMMENTS = YES;
				CLANG_WARN_EMPTY_BODY = YES;
				CLANG_WARN_ENUM_CONVERSION = YES;
				CLANG_WARN_INFINITE_RECURSION = YES;
				CLANG_WARN_INT_CONVERSION = YES;
				CLANG_WARN_OBJC_ROOT_CLASS = YES_ERROR;
				CLANG_WARN_SUSPICIOUS_MOVE = YES;
				CLANG_WARN_UNREACHABLE_CODE = YES;
				CLANG_WARN__DUPLICATE_METHOD_MATCH = YES;
				"CODE_SIGN_IDENTITY[sdk=iphoneos*]" = "iPhone Developer";
				COPY_PHASE_STRIP = NO;
				DEBUG_INFORMATION_FORMAT = dwarf;
				ENABLE_STRICT_OBJC_MSGSEND = YES;
				ENABLE_TESTABILITY = YES;
				GCC_C_LANGUAGE_STANDARD = gnu99;
				GCC_DYNAMIC_NO_PIC = NO;
				GCC_NO_COMMON_BLOCKS = YES;
				GCC_OPTIMIZATION_LEVEL = 0;
				GCC_PREPROCESSOR_DEFINITIONS = (
					"DEBUG=1",
					"$(inherited)",
				);
				GCC_WARN_64_TO_32_BIT_CONVERSION = YES;
				GCC_WARN_ABOUT_RETURN_TYPE = YES_ERROR;
				GCC_WARN_UNDECLARED_SELECTOR = YES;
				GCC_WARN_UNINITIALIZED_AUTOS = YES_AGGRESSIVE;
				GCC_WARN_UNUSED_FUNCTION = YES;
				GCC_WARN_UNUSED_VARIABLE = YES;
				IPHONEOS_DEPLOYMENT_TARGET = 10.2;
				MTL_ENABLE_DEBUG_INFO = YES;
				ONLY_ACTIVE_ARCH = YES;
				SDKROOT = iphoneos;
				SWIFT_ACTIVE_COMPILATION_CONDITIONS = DEBUG;
				SWIFT_OPTIMIZATION_LEVEL = "-Onone";
				TARGETED_DEVICE_FAMILY = "1,2";
			};
			name = Debug;
		};
		BA1FB0F71EBBF611000B0671 /* Release */ = {
			isa = XCBuildConfiguration;
			buildSettings = {
				ALWAYS_SEARCH_USER_PATHS = NO;
				CLANG_ANALYZER_NONNULL = YES;
				CLANG_CXX_LANGUAGE_STANDARD = "gnu++0x";
				CLANG_CXX_LIBRARY = "libc++";
				CLANG_ENABLE_MODULES = YES;
				CLANG_ENABLE_OBJC_ARC = YES;
				CLANG_WARN_BOOL_CONVERSION = YES;
				CLANG_WARN_CONSTANT_CONVERSION = YES;
				CLANG_WARN_DIRECT_OBJC_ISA_USAGE = YES_ERROR;
				CLANG_WARN_DOCUMENTATION_COMMENTS = YES;
				CLANG_WARN_EMPTY_BODY = YES;
				CLANG_WARN_ENUM_CONVERSION = YES;
				CLANG_WARN_INFINITE_RECURSION = YES;
				CLANG_WARN_INT_CONVERSION = YES;
				CLANG_WARN_OBJC_ROOT_CLASS = YES_ERROR;
				CLANG_WARN_SUSPICIOUS_MOVE = YES;
				CLANG_WARN_UNREACHABLE_CODE = YES;
				CLANG_WARN__DUPLICATE_METHOD_MATCH = YES;
				"CODE_SIGN_IDENTITY[sdk=iphoneos*]" = "iPhone Developer";
				COPY_PHASE_STRIP = NO;
				DEBUG_INFORMATION_FORMAT = "dwarf-with-dsym";
				ENABLE_NS_ASSERTIONS = NO;
				ENABLE_STRICT_OBJC_MSGSEND = YES;
				GCC_C_LANGUAGE_STANDARD = gnu99;
				GCC_NO_COMMON_BLOCKS = YES;
				GCC_WARN_64_TO_32_BIT_CONVERSION = YES;
				GCC_WARN_ABOUT_RETURN_TYPE = YES_ERROR;
				GCC_WARN_UNDECLARED_SELECTOR = YES;
				GCC_WARN_UNINITIALIZED_AUTOS = YES_AGGRESSIVE;
				GCC_WARN_UNUSED_FUNCTION = YES;
				GCC_WARN_UNUSED_VARIABLE = YES;
				IPHONEOS_DEPLOYMENT_TARGET = 10.2;
				MTL_ENABLE_DEBUG_INFO = NO;
				SDKROOT = iphoneos;
				SWIFT_OPTIMIZATION_LEVEL = "-Owholemodule";
				TARGETED_DEVICE_FAMILY = "1,2";
				VALIDATE_PRODUCT = YES;
			};
			name = Release;
		};
		BA1FB0F91EBBF611000B0671 /* Debug */ = {
			isa = XCBuildConfiguration;
			baseConfigurationReference = 53F34495D4EE6E3BC5B4EB92 /* Pods-EMS.debug.xcconfig */;
			buildSettings = {
				ASSETCATALOG_COMPILER_APPICON_NAME = AppIcon;
				INFOPLIST_FILE = EMS/Info.plist;
				LD_RUNPATH_SEARCH_PATHS = "$(inherited) @executable_path/Frameworks";
				PRODUCT_BUNDLE_IDENTIFIER = com.company.EMS;
				PRODUCT_NAME = "$(TARGET_NAME)";
				SWIFT_VERSION = 3.0;
			};
			name = Debug;
		};
		BA1FB0FA1EBBF611000B0671 /* Release */ = {
			isa = XCBuildConfiguration;
			baseConfigurationReference = 6C93CB60D4838BDBC3300071 /* Pods-EMS.release.xcconfig */;
			buildSettings = {
				ASSETCATALOG_COMPILER_APPICON_NAME = AppIcon;
				INFOPLIST_FILE = EMS/Info.plist;
				LD_RUNPATH_SEARCH_PATHS = "$(inherited) @executable_path/Frameworks";
				PRODUCT_BUNDLE_IDENTIFIER = com.company.EMS;
				PRODUCT_NAME = "$(TARGET_NAME)";
				SWIFT_VERSION = 3.0;
			};
			name = Release;
		};
		BA1FB0FC1EBBF611000B0671 /* Debug */ = {
			isa = XCBuildConfiguration;
			buildSettings = {
				ALWAYS_EMBED_SWIFT_STANDARD_LIBRARIES = YES;
				BUNDLE_LOADER = "$(TEST_HOST)";
				INFOPLIST_FILE = EMSTests/Info.plist;
				LD_RUNPATH_SEARCH_PATHS = "$(inherited) @executable_path/Frameworks @loader_path/Frameworks";
				PRODUCT_BUNDLE_IDENTIFIER = com.company.EMSTests;
				PRODUCT_NAME = "$(TARGET_NAME)";
				SWIFT_VERSION = 3.0;
				TEST_HOST = "$(BUILT_PRODUCTS_DIR)/EMS.app/EMS";
			};
			name = Debug;
		};
		BA1FB0FD1EBBF611000B0671 /* Release */ = {
			isa = XCBuildConfiguration;
			buildSettings = {
				ALWAYS_EMBED_SWIFT_STANDARD_LIBRARIES = YES;
				BUNDLE_LOADER = "$(TEST_HOST)";
				INFOPLIST_FILE = EMSTests/Info.plist;
				LD_RUNPATH_SEARCH_PATHS = "$(inherited) @executable_path/Frameworks @loader_path/Frameworks";
				PRODUCT_BUNDLE_IDENTIFIER = com.company.EMSTests;
				PRODUCT_NAME = "$(TARGET_NAME)";
				SWIFT_VERSION = 3.0;
				TEST_HOST = "$(BUILT_PRODUCTS_DIR)/EMS.app/EMS";
			};
			name = Release;
		};
/* End XCBuildConfiguration section */

/* Begin XCConfigurationList section */
		BA0CD5301EBF161A00020485 /* Build configuration list for PBXAggregateTarget "Mogenerator" */ = {
			isa = XCConfigurationList;
			buildConfigurations = (
				BA0CD5311EBF161A00020485 /* Debug */,
				BA0CD5321EBF161A00020485 /* Release */,
			);
			defaultConfigurationIsVisible = 0;
			defaultConfigurationName = Release;
		};
		BA1FB0D11EBBF611000B0671 /* Build configuration list for PBXProject "EMS" */ = {
			isa = XCConfigurationList;
			buildConfigurations = (
				BA1FB0F61EBBF611000B0671 /* Debug */,
				BA1FB0F71EBBF611000B0671 /* Release */,
			);
			defaultConfigurationIsVisible = 0;
			defaultConfigurationName = Release;
		};
		BA1FB0F81EBBF611000B0671 /* Build configuration list for PBXNativeTarget "EMS" */ = {
			isa = XCConfigurationList;
			buildConfigurations = (
				BA1FB0F91EBBF611000B0671 /* Debug */,
				BA1FB0FA1EBBF611000B0671 /* Release */,
			);
			defaultConfigurationIsVisible = 0;
			defaultConfigurationName = Release;
		};
		BA1FB0FB1EBBF611000B0671 /* Build configuration list for PBXNativeTarget "EMSTests" */ = {
			isa = XCConfigurationList;
			buildConfigurations = (
				BA1FB0FC1EBBF611000B0671 /* Debug */,
				BA1FB0FD1EBBF611000B0671 /* Release */,
			);
			defaultConfigurationIsVisible = 0;
			defaultConfigurationName = Release;
		};
/* End XCConfigurationList section */

/* Begin XCVersionGroup section */
		BA0CD5381EBF165700020485 /* EMS.xcdatamodeld */ = {
			isa = XCVersionGroup;
			children = (
				BA0CD5391EBF165700020485 /* EMS.xcdatamodel */,
			);
			currentVersion = BA0CD5391EBF165700020485 /* EMS.xcdatamodel */;
			path = EMS.xcdatamodeld;
			sourceTree = "<group>";
			versionGroupType = wrapper.xcdatamodel;
		};
/* End XCVersionGroup section */
	};
	rootObject = BA1FB0CE1EBBF611000B0671 /* Project object */;
}
